
Microsoft Visual Studio Solution File, Format Version 12.00
# Visual Studio Version 17
VisualStudioVersion = 17.1.32228.430
MinimumVisualStudioVersion = 10.0.40219.1
Project("{FAE04EC0-301F-11D3-BF4B-00C04F79EFBC}") = "Shop.Web", "Shop.Web\Shop.Web.csproj", "{68C7D963-F42F-4DCA-8FAD-73445821376D}"
EndProject
Global
	GlobalSection(SolutionConfigurationPlatforms) = preSolution
		Debug|Any CPU = Debug|Any CPU
		Release|Any CPU = Release|Any CPU
	EndGlobalSection
	GlobalSection(ProjectConfigurationPlatforms) = postSolution
		{68C7D963-F42F-4DCA-8FAD-73445821376D}.Debug|Any CPU.ActiveCfg = Debug|Any CPU
		{68C7D963-F42F-4DCA-8FAD-73445821376D}.Debug|Any CPU.Build.0 = Debug|Any CPU
		{68C7D963-F42F-4DCA-8FAD-73445821376D}.Release|Any CPU.ActiveCfg = Release|Any CPU
		{68C7D963-F42F-4DCA-8FAD-73445821376D}.Release|Any CPU.Build.0 = Release|Any CPU
	EndGlobalSection
	GlobalSection(SolutionProperties) = preSolution
		HideSolutionNode = FALSE
	EndGlobalSection
	GlobalSection(ExtensibilityGlobals) = postSolution
		SolutionGuid = {C48D42A8-C7C6-4D55-AFFD-41D594BF91AA}
	EndGlobalSection
EndGlobal
